{
  "object": {
    "pins": [
      {
        "package": "AWSLambdaSwift",
        "repositoryURL": "https://github.com/tonisuter/aws-lambda-swift.git",
        "state": {
          "branch": "master",
          "revision": "21149409a090c49cfedf3196df4287a6b7af9e45",
          "version": null
        }
      },
      {
        "package": "Cryptor",
        "repositoryURL": "https://github.com/IBM-Swift/BlueCryptor.git",
        "state": {
          "branch": null,
          "revision": "25186dc1a53f3eb6d900853f659dff8b9af523aa",
          "version": "1.0.23"
        }
      },
      {
        "package": "OpenSSL",
        "repositoryURL": "https://github.com/IBM-Swift/OpenSSL.git",
        "state": {
          "branch": null,
          "revision": "6c7e2e3610037fbc05c0d846cec981518961d8bf",
          "version": "2.2.2"
        }
      },
      {
        "package": "Html",
        "repositoryURL": "https://github.com/pointfreeco/swift-html.git",
        "state": {
          "branch": null,
          "revision": "b1b59b3c48b6c0e1bc8b0b54c7cc7e2b91b9f5e7",
          "version": "0.2.1"
        }
      },
      {
        "package": "swift-nio",
        "repositoryURL": "https://github.com/apple/swift-nio.git",
        "state": {
          "branch": null,
          "revision": "87dbd0216c47ea2e7ddb1b545271b716e03b943e",
          "version": "1.13.1"
        }
      },
      {
        "package": "swift-nio-zlib-support",
        "repositoryURL": "https://github.com/apple/swift-nio-zlib-support.git",
        "state": {
          "branch": null,
          "revision": "37760e9a52030bb9011972c5213c3350fa9d41fd",
          "version": "1.0.0"
        }
      },
      {
        "package": "NonEmpty",
        "repositoryURL": "https://github.com/pointfreeco/swift-nonempty.git",
        "state": {
          "branch": null,
          "revision": "bcf639e8ec6c20b6b7b28ed9bfa0fe83450c3248",
          "version": "0.1.2"
        }
      },
      {
        "package": "Prelude",
        "repositoryURL": "https://github.com/pointfreeco/swift-prelude.git",
        "state": {
          "branch": "8cbc934",
          "revision": "8cbc93417c7dca20124d25ab9f2c0d31999e26ec",
          "version": null
        }
      },
      {
        "package": "SnapshotTesting",
        "repositoryURL": "https://github.com/pointfreeco/swift-snapshot-testing.git",
        "state": {
          "branch": null,
          "revision": "0ea1b40921766767856790fae046f57ce489b922",
          "version": "1.2.0"
        }
      },
      {
        "package": "Tagged",
        "repositoryURL": "https://github.com/pointfreeco/swift-tagged.git",
        "state": {
          "branch": null,
          "revision": "d53900894206f9453a837b566f2805c0f9c86967",
          "version": "0.2.0"
        }
      },
      {
        "package": "Web",
        "repositoryURL": "https://github.com/pointfreeco/swift-web.git",
        "state": {
          "branch": "master",
          "revision": "a968110de730b63c0d76e3ab9039c78683c97bd8",
          "version": null
        }
      }
    ]
  },
  "version": 1
}
