{
  "object": {
    "pins": [
      {
        "package": "AWSLambdaSwift",
        "repositoryURL": "https://github.com/tonisuter/aws-lambda-swift.git",
        "state": {
          "branch": "master",
          "revision": "9f45d6a534ab1f801cc3c7a98da0f2d097118c19",
          "version": null
        }
      },
      {
        "package": "Cryptor",
        "repositoryURL": "https://github.com/IBM-Swift/BlueCryptor.git",
        "state": {
          "branch": null,
          "revision": "25186dc1a53f3eb6d900853f659dff8b9af523aa",
          "version": "1.0.23"
        }
      },
      {
        "package": "OpenSSL",
        "repositoryURL": "https://github.com/IBM-Swift/OpenSSL.git",
        "state": {
          "branch": null,
          "revision": "6c7e2e3610037fbc05c0d846cec981518961d8bf",
          "version": "2.2.2"
        }
      },
      {
        "package": "Html",
        "repositoryURL": "https://github.com/pointfreeco/swift-html.git",
        "state": {
          "branch": null,
          "revision": "b1b59b3c48b6c0e1bc8b0b54c7cc7e2b91b9f5e7",
          "version": "0.2.1"
        }
      },
      {
        "package": "swift-nio",
        "repositoryURL": "https://github.com/apple/swift-nio.git",
        "state": {
          "branch": null,
          "revision": "ba7970fe396e8198b84c6c1b44b38a1d4e2eb6bd",
          "version": "1.14.1"
        }
      },
      {
        "package": "swift-nio-zlib-support",
        "repositoryURL": "https://github.com/apple/swift-nio-zlib-support.git",
        "state": {
          "branch": null,
          "revision": "37760e9a52030bb9011972c5213c3350fa9d41fd",
          "version": "1.0.0"
        }
      },
      {
        "package": "Prelude",
        "repositoryURL": "https://github.com/pointfreeco/swift-prelude.git",
        "state": {
          "branch": "6e426b0",
          "revision": "6e426b0300360d3892f14639a4a5e7f3b8655689",
          "version": null
        }
      },
      {
        "package": "SnapshotTesting",
        "repositoryURL": "https://github.com/pointfreeco/swift-snapshot-testing.git",
        "state": {
          "branch": null,
          "revision": "0ea1b40921766767856790fae046f57ce489b922",
          "version": "1.2.0"
        }
      },
      {
        "package": "Web",
        "repositoryURL": "https://github.com/pointfreeco/swift-web.git",
        "state": {
          "branch": "2c3d440",
          "revision": "2c3d4403365f3f54264f89a2771bb83b562d51ca",
          "version": null
        }
      }
    ]
  },
  "version": 1
}
